
Microsoft Visual Studio Solution File, Format Version 12.00
# Visual Studio Version 17
VisualStudioVersion = 17.14.36930.0 d17.14
MinimumVisualStudioVersion = 10.0.40219.1
Project("{FAE04EC0-301F-11D3-BF4B-00C04F79EFBC}") = "15.02", "15.02\15.02.csproj", "{CD52E171-6DB1-4E62-B6C0-D845B01F8679}"
EndProject
Global
	GlobalSection(SolutionConfigurationPlatforms) = preSolution
		Debug|Any CPU = Debug|Any CPU
		Release|Any CPU = Release|Any CPU
	EndGlobalSection
	GlobalSection(ProjectConfigurationPlatforms) = postSolution
		{CD52E171-6DB1-4E62-B6C0-D845B01F8679}.Debug|Any CPU.ActiveCfg = Debug|Any CPU
		{CD52E171-6DB1-4E62-B6C0-D845B01F8679}.Debug|Any CPU.Build.0 = Debug|Any CPU
		{CD52E171-6DB1-4E62-B6C0-D845B01F8679}.Release|Any CPU.ActiveCfg = Release|Any CPU
		{CD52E171-6DB1-4E62-B6C0-D845B01F8679}.Release|Any CPU.Build.0 = Release|Any CPU
	EndGlobalSection
	GlobalSection(SolutionProperties) = preSolution
		HideSolutionNode = FALSE
	EndGlobalSection
	GlobalSection(ExtensibilityGlobals) = postSolution
		SolutionGuid = {E41AEAB0-CE10-4F26-AD89-9FC136E071E0}
	EndGlobalSection
EndGlobal
